
Microsoft Visual Studio Solution File, Format Version 12.00
# Visual Studio Version 16
VisualStudioVersion = 16.0.31605.320
MinimumVisualStudioVersion = 10.0.40219.1
Project("{FAE04EC0-301F-11D3-BF4B-00C04F79EFBC}") = "SalesWebMvc", "SalesWebMvc\SalesWebMvc.csproj", "{F9A6C14D-321C-4B96-878B-2F9ACE7A36DE}"
EndProject
Global
	GlobalSection(SolutionConfigurationPlatforms) = preSolution
		Debug|Any CPU = Debug|Any CPU
		Release|Any CPU = Release|Any CPU
	EndGlobalSection
	GlobalSection(ProjectConfigurationPlatforms) = postSolution
		{F9A6C14D-321C-4B96-878B-2F9ACE7A36DE}.Debug|Any CPU.ActiveCfg = Debug|Any CPU
		{F9A6C14D-321C-4B96-878B-2F9ACE7A36DE}.Debug|Any CPU.Build.0 = Debug|Any CPU
		{F9A6C14D-321C-4B96-878B-2F9ACE7A36DE}.Release|Any CPU.ActiveCfg = Release|Any CPU
		{F9A6C14D-321C-4B96-878B-2F9ACE7A36DE}.Release|Any CPU.Build.0 = Release|Any CPU
	EndGlobalSection
	GlobalSection(SolutionProperties) = preSolution
		HideSolutionNode = FALSE
	EndGlobalSection
	GlobalSection(ExtensibilityGlobals) = postSolution
		SolutionGuid = {11376EE9-15C1-401A-B40A-DA4726342838}
	EndGlobalSection
EndGlobal
